<?xml version="1.0" encoding="utf-8"?>
<Project ToolsVersion="4.0" xmlns="http://schemas.microsoft.com/developer/msbuild/2003">
  <ItemGroup>
    <Filter Include="源文件">
      <UniqueIdentifier>{4FC737F1-C7A5-4376-A066-2A32D752A2FF}</UniqueIdentifier>
      <Extensions>cpp;c;cc;cxx;c++;cppm;ixx;def;odl;idl;hpj;bat;asm;asmx</Extensions>
    </Filter>
    <Filter Include="头文件">
      <UniqueIdentifier>{93995380-89BD-4b04-88EB-625FBE52EBFB}</UniqueIdentifier>
      <Extensions>h;hh;hpp;hxx;h++;hm;inl;inc;ipp;xsd</Extensions>
    </Filter>
    <Filter Include="资源文件">
      <UniqueIdentifier>{67DA6AB6-F800-4c08-8B7A-83BB121AAD01}</UniqueIdentifier>
      <Extensions>rc;ico;cur;bmp;dlg;rc2;rct;bin;rgs;gif;jpg;jpeg;jpe;resx;tiff;tif;png;wav;mfcribbon-ms</Extensions>
    </Filter>
    <Filter Include="源文件\imgui">
      <UniqueIdentifier>{96b85bbb-c2a0-4cc5-9473-bb056267b103}</UniqueIdentifier>
    </Filter>
    <Filter Include="资源文件\glsl">
      <UniqueIdentifier>{b3335163-beb9-4236-a682-82f6eb795068}</UniqueIdentifier>
    </Filter>
    <Filter Include="资源文件\fronts">
      <UniqueIdentifier>{56cc5469-9fc7-4342-b4a6-eaa1e6c5846b}</UniqueIdentifier>
    </Filter>
    <Filter Include="源文件\common">
      <UniqueIdentifier>{988a4f3e-203d-4128-9b99-05e5d80a603a}</UniqueIdentifier>
    </Filter>
    <Filter Include="源文件\GUI">
      <UniqueIdentifier>{41dc96f9-04dc-4aff-ad03-337bb6f1bb82}</UniqueIdentifier>
    </Filter>
  </ItemGroup>
  <ItemGroup>
    <ClCompile Include="main.cpp">
      <Filter>源文件</Filter>
    </ClCompile>
    <ClCompile Include="imgui-docking\imgui.cpp">
      <Filter>源文件\imgui</Filter>
    </ClCompile>
    <ClCompile Include="imgui-docking\imgui_demo.cpp">
      <Filter>源文件\imgui</Filter>
    </ClCompile>
    <ClCompile Include="imgui-docking\imgui_draw.cpp">
      <Filter>源文件\imgui</Filter>
    </ClCompile>
    <ClCompile Include="imgui-docking\imgui_tables.cpp">
      <Filter>源文件\imgui</Filter>
    </ClCompile>
    <ClCompile Include="imgui-docking\imgui_widgets.cpp">
      <Filter>源文件\imgui</Filter>
    </ClCompile>
    <ClCompile Include="imgui-docking\backends\imgui_impl_glfw.cpp">
      <Filter>源文件\imgui</Filter>
    </ClCompile>
    <ClCompile Include="imgui-docking\backends\imgui_impl_opengl3.cpp">
      <Filter>源文件\imgui</Filter>
    </ClCompile>
    <ClCompile Include="glad.c">
      <Filter>源文件</Filter>
    </ClCompile>
    <ClCompile Include="PointCloudService.cpp">
      <Filter>源文件</Filter>
    </ClCompile>
    <ClCompile Include="demo.cpp">
      <Filter>源文件</Filter>
    </ClCompile>
    <ClCompile Include="Camera.cpp">
      <Filter>源文件\common</Filter>
    </ClCompile>
    <ClCompile Include="ffImage.cpp">
      <Filter>源文件\common</Filter>
    </ClCompile>
    <ClCompile Include="Shader.cpp">
      <Filter>源文件\common</Filter>
    </ClCompile>
    <ClCompile Include="Status.cpp">
      <Filter>源文件\common</Filter>
    </ClCompile>
    <ClCompile Include="Geometry.cpp">
      <Filter>源文件</Filter>
    </ClCompile>
  </ItemGroup>
  <ItemGroup>
    <ClInclude Include="imgui-docking\imconfig.h">
      <Filter>源文件\imgui</Filter>
    </ClInclude>
    <ClInclude Include="imgui-docking\imgui.h">
      <Filter>源文件\imgui</Filter>
    </ClInclude>
    <ClInclude Include="imgui-docking\imgui_internal.h">
      <Filter>源文件\imgui</Filter>
    </ClInclude>
    <ClInclude Include="imgui-docking\imstb_rectpack.h">
      <Filter>源文件\imgui</Filter>
    </ClInclude>
    <ClInclude Include="imgui-docking\imstb_textedit.h">
      <Filter>源文件\imgui</Filter>
    </ClInclude>
    <ClInclude Include="imgui-docking\imstb_truetype.h">
      <Filter>源文件\imgui</Filter>
    </ClInclude>
    <ClInclude Include="imgui-docking\backends\imgui_impl_glfw.h">
      <Filter>源文件\imgui</Filter>
    </ClInclude>
    <ClInclude Include="imgui-docking\backends\imgui_impl_opengl3.h">
      <Filter>源文件\imgui</Filter>
    </ClInclude>
    <ClInclude Include="imgui-docking\backends\imgui_impl_opengl3_loader.h">
      <Filter>源文件\imgui</Filter>
    </ClInclude>
    <ClInclude Include="base.h">
      <Filter>头文件</Filter>
    </ClInclude>
    <ClInclude Include="PointCloudService.h">
      <Filter>头文件</Filter>
    </ClInclude>
    <ClInclude Include="Camera.h">
      <Filter>头文件</Filter>
    </ClInclude>
    <ClInclude Include="Shader.h">
      <Filter>头文件</Filter>
    </ClInclude>
    <ClInclude Include="stb_image.h">
      <Filter>头文件</Filter>
    </ClInclude>
    <ClInclude Include="Status.h">
      <Filter>头文件</Filter>
    </ClInclude>
    <ClInclude Include="ffImage.h">
      <Filter>头文件</Filter>
    </ClInclude>
    <ClInclude Include="Geometry.h">
      <Filter>头文件</Filter>
    </ClInclude>
  </ItemGroup>
  <ItemGroup>
    <None Include="glsl\fragmentShader.glsl">
      <Filter>资源文件\glsl</Filter>
    </None>
    <None Include="glsl\vertexShader.glsl">
      <Filter>资源文件\glsl</Filter>
    </None>
  </ItemGroup>
  <ItemGroup>
    <Font Include="fronts\kaiu.ttf">
      <Filter>资源文件\fronts</Filter>
    </Font>
  </ItemGroup>
</Project>